
Microsoft Visual Studio Solution File, Format Version 12.00
# Visual Studio Version 16
VisualStudioVersion = 16.0.28922.388
MinimumVisualStudioVersion = 10.0.40219.1
Project("{FAE04EC0-301F-11D3-BF4B-00C04F79EFBC}") = "vadsomhelst", "vadsomhelst\vadsomhelst.csproj", "{9DD8819B-C1EC-4D7B-87EA-0B2E860245CF}"
EndProject
Global
	GlobalSection(SolutionConfigurationPlatforms) = preSolution
		Debug|Any CPU = Debug|Any CPU
		Release|Any CPU = Release|Any CPU
	EndGlobalSection
	GlobalSection(ProjectConfigurationPlatforms) = postSolution
		{9DD8819B-C1EC-4D7B-87EA-0B2E860245CF}.Debug|Any CPU.ActiveCfg = Debug|Any CPU
		{9DD8819B-C1EC-4D7B-87EA-0B2E860245CF}.Debug|Any CPU.Build.0 = Debug|Any CPU
		{9DD8819B-C1EC-4D7B-87EA-0B2E860245CF}.Release|Any CPU.ActiveCfg = Release|Any CPU
		{9DD8819B-C1EC-4D7B-87EA-0B2E860245CF}.Release|Any CPU.Build.0 = Release|Any CPU
	EndGlobalSection
	GlobalSection(SolutionProperties) = preSolution
		HideSolutionNode = FALSE
	EndGlobalSection
	GlobalSection(ExtensibilityGlobals) = postSolution
		SolutionGuid = {850FD3C3-94A0-42D6-A28B-AF803310E2DF}
	EndGlobalSection
EndGlobal
